
Microsoft Visual Studio Solution File, Format Version 12.00
# Visual Studio Version 17
VisualStudioVersion = 17.14.36511.14 d17.14
MinimumVisualStudioVersion = 10.0.40219.1
Project("{FAE04EC0-301F-11D3-BF4B-00C04F79EFBC}") = "Practical6", "Practical6\Practical6.csproj", "{FA6D59B3-FDBE-4801-87F1-FD2861C53B91}"
EndProject
Global
	GlobalSection(SolutionConfigurationPlatforms) = preSolution
		Debug|Any CPU = Debug|Any CPU
		Release|Any CPU = Release|Any CPU
	EndGlobalSection
	GlobalSection(ProjectConfigurationPlatforms) = postSolution
		{FA6D59B3-FDBE-4801-87F1-FD2861C53B91}.Debug|Any CPU.ActiveCfg = Debug|Any CPU
		{FA6D59B3-FDBE-4801-87F1-FD2861C53B91}.Debug|Any CPU.Build.0 = Debug|Any CPU
		{FA6D59B3-FDBE-4801-87F1-FD2861C53B91}.Release|Any CPU.ActiveCfg = Release|Any CPU
		{FA6D59B3-FDBE-4801-87F1-FD2861C53B91}.Release|Any CPU.Build.0 = Release|Any CPU
	EndGlobalSection
	GlobalSection(SolutionProperties) = preSolution
		HideSolutionNode = FALSE
	EndGlobalSection
	GlobalSection(ExtensibilityGlobals) = postSolution
		SolutionGuid = {9E064EDF-22A6-4B9A-B35A-96D9829142C1}
	EndGlobalSection
EndGlobal
